// !$*UTF8*$!
{
	archiveVersion = 1;
	classes = {
	};
	objectVersion = 46;
	objects = {

/* Begin PBXBuildFile section */
		8619BA771A3DA62C00BE67F4 /* main.m in Sources */ = {isa = PBXBuildFile; fileRef = 8619BA761A3DA62C00BE67F4 /* main.m */; };
		8619BA7A1A3DA62C00BE67F4 /* AppDelegate.m in Sources */ = {isa = PBXBuildFile; fileRef = 8619BA791A3DA62C00BE67F4 /* AppDelegate.m */; };
		8619BA7D1A3DA62C00BE67F4 /* ViewController.m in Sources */ = {isa = PBXBuildFile; fileRef = 8619BA7C1A3DA62C00BE67F4 /* ViewController.m */; };
		8619BA801A3DA62C00BE67F4 /* Main.storyboard in Resources */ = {isa = PBXBuildFile; fileRef = 8619BA7E1A3DA62C00BE67F4 /* Main.storyboard */; };
		8619BA821A3DA62C00BE67F4 /* Images.xcassets in Resources */ = {isa = PBXBuildFile; fileRef = 8619BA811A3DA62C00BE67F4 /* Images.xcassets */; };
		8619BA851A3DA62C00BE67F4 /* LaunchScreen.xib in Resources */ = {isa = PBXBuildFile; fileRef = 8619BA831A3DA62C00BE67F4 /* LaunchScreen.xib */; };
		8619BA9F1A3DAB4C00BE67F4 /* WDMenu_open_button@2x.png in Resources */ = {isa = PBXBuildFile; fileRef = 8619BA9E1A3DAB4C00BE67F4 /* WDMenu_open_button@2x.png */; };
		8619BAA41A3DC29800BE67F4 /* MenuContentsView.xib in Resources */ = {isa = PBXBuildFile; fileRef = 8619BAA31A3DC29800BE67F4 /* MenuContentsView.xib */; };
		8619BAAD1A3DCB8E00BE67F4 /* UIButton+WDExtensions.m in Sources */ = {isa = PBXBuildFile; fileRef = 8619BAAA1A3DCB8E00BE67F4 /* UIButton+WDExtensions.m */; };
		8619BAAE1A3DCB8E00BE67F4 /* WDMenu.m in Sources */ = {isa = PBXBuildFile; fileRef = 8619BAAC1A3DCB8E00BE67F4 /* WDMenu.m */; };
/* End PBXBuildFile section */

/* Begin PBXFileReference section */
		8619BA711A3DA62C00BE67F4 /* WDMenuDEMO.app */ = {isa = PBXFileReference; explicitFileType = wrapper.application; includeInIndex = 0; path = WDMenuDEMO.app; sourceTree = BUILT_PRODUCTS_DIR; };
		8619BA751A3DA62C00BE67F4 /* Info.plist */ = {isa = PBXFileReference; lastKnownFileType = text.plist.xml; path = Info.plist; sourceTree = "<group>"; };
		8619BA761A3DA62C00BE67F4 /* main.m */ = {isa = PBXFileReference; lastKnownFileType = sourcecode.c.objc; path = main.m; sourceTree = "<group>"; };
		8619BA781A3DA62C00BE67F4 /* AppDelegate.h */ = {isa = PBXFileReference; lastKnownFileType = sourcecode.c.h; path = AppDelegate.h; sourceTree = "<group>"; };
		8619BA791A3DA62C00BE67F4 /* AppDelegate.m */ = {isa = PBXFileReference; lastKnownFileType = sourcecode.c.objc; path = AppDelegate.m; sourceTree = "<group>"; };
		8619BA7B1A3DA62C00BE67F4 /* ViewController.h */ = {isa = PBXFileReference; lastKnownFileType = sourcecode.c.h; path = ViewController.h; sourceTree = "<group>"; };
		8619BA7C1A3DA62C00BE67F4 /* ViewController.m */ = {isa = PBXFileReference; lastKnownFileType = sourcecode.c.objc; path = ViewController.m; sourceTree = "<group>"; };
		8619BA7F1A3DA62C00BE67F4 /* Base */ = {isa = PBXFileReference; lastKnownFileType = file.storyboard; name = Base; path = Base.lproj/Main.storyboard; sourceTree = "<group>"; };
		8619BA811A3DA62C00BE67F4 /* Images.xcassets */ = {isa = PBXFileReference; lastKnownFileType = folder.assetcatalog; path = Images.xcassets; sourceTree = "<group>"; };
		8619BA841A3DA62C00BE67F4 /* Base */ = {isa = PBXFileReference; lastKnownFileType = file.xib; name = Base; path = Base.lproj/LaunchScreen.xib; sourceTree = "<group>"; };
		8619BA9E1A3DAB4C00BE67F4 /* WDMenu_open_button@2x.png */ = {isa = PBXFileReference; lastKnownFileType = image.png; path = "WDMenu_open_button@2x.png"; sourceTree = "<group>"; };
		8619BAA31A3DC29800BE67F4 /* MenuContentsView.xib */ = {isa = PBXFileReference; fileEncoding = 4; lastKnownFileType = file.xib; path = MenuContentsView.xib; sourceTree = "<group>"; };
		8619BAA91A3DCB8E00BE67F4 /* UIButton+WDExtensions.h */ = {isa = PBXFileReference; fileEncoding = 4; lastKnownFileType = sourcecode.c.h; path = "UIButton+WDExtensions.h"; sourceTree = "<group>"; };
		8619BAAA1A3DCB8E00BE67F4 /* UIButton+WDExtensions.m */ = {isa = PBXFileReference; fileEncoding = 4; lastKnownFileType = sourcecode.c.objc; path = "UIButton+WDExtensions.m"; sourceTree = "<group>"; };
		8619BAAB1A3DCB8E00BE67F4 /* WDMenu.h */ = {isa = PBXFileReference; fileEncoding = 4; lastKnownFileType = sourcecode.c.h; path = WDMenu.h; sourceTree = "<group>"; };
		8619BAAC1A3DCB8E00BE67F4 /* WDMenu.m */ = {isa = PBXFileReference; fileEncoding = 4; lastKnownFileType = sourcecode.c.objc; path = WDMenu.m; sourceTree = "<group>"; };
/* End PBXFileReference section */

/* Begin PBXFrameworksBuildPhase section */
		8619BA6E1A3DA62C00BE67F4 /* Frameworks */ = {
			isa = PBXFrameworksBuildPhase;
			buildActionMask = 2147483647;
			files = (
			);
			runOnlyForDeploymentPostprocessing = 0;
		};
/* End PBXFrameworksBuildPhase section */

/* Begin PBXGroup section */
		8619BA681A3DA62C00BE67F4 = {
			isa = PBXGroup;
			children = (
				8619BAA81A3DCB8E00BE67F4 /* Classes */,
				8619BA731A3DA62C00BE67F4 /* WDMenuDEMO */,
				8619BA721A3DA62C00BE67F4 /* Products */,
			);
			sourceTree = "<group>";
		};
		8619BA721A3DA62C00BE67F4 /* Products */ = {
			isa = PBXGroup;
			children = (
				8619BA711A3DA62C00BE67F4 /* WDMenuDEMO.app */,
			);
			name = Products;
			sourceTree = "<group>";
		};
		8619BA731A3DA62C00BE67F4 /* WDMenuDEMO */ = {
			isa = PBXGroup;
			children = (
				8619BA781A3DA62C00BE67F4 /* AppDelegate.h */,
				8619BA791A3DA62C00BE67F4 /* AppDelegate.m */,
				8619BA7B1A3DA62C00BE67F4 /* ViewController.h */,
				8619BA7C1A3DA62C00BE67F4 /* ViewController.m */,
				8619BAA31A3DC29800BE67F4 /* MenuContentsView.xib */,
				8619BA7E1A3DA62C00BE67F4 /* Main.storyboard */,
				8619BA741A3DA62C00BE67F4 /* Supporting Files */,
			);
			path = WDMenuDEMO;
			sourceTree = "<group>";
		};
		8619BA741A3DA62C00BE67F4 /* Supporting Files */ = {
			isa = PBXGroup;
			children = (
				8619BA9E1A3DAB4C00BE67F4 /* WDMenu_open_button@2x.png */,
				8619BA811A3DA62C00BE67F4 /* Images.xcassets */,
				8619BA831A3DA62C00BE67F4 /* LaunchScreen.xib */,
				8619BA751A3DA62C00BE67F4 /* Info.plist */,
				8619BA761A3DA62C00BE67F4 /* main.m */,
			);
			name = "Supporting Files";
			sourceTree = "<group>";
		};
		8619BAA81A3DCB8E00BE67F4 /* Classes */ = {
			isa = PBXGroup;
			children = (
				8619BAA91A3DCB8E00BE67F4 /* UIButton+WDExtensions.h */,
				8619BAAA1A3DCB8E00BE67F4 /* UIButton+WDExtensions.m */,
				8619BAAB1A3DCB8E00BE67F4 /* WDMenu.h */,
				8619BAAC1A3DCB8E00BE67F4 /* WDMenu.m */,
			);
			name = Classes;
			path = ../Classes;
			sourceTree = "<group>";
		};
/* End PBXGroup section */

/* Begin PBXNativeTarget section */
		8619BA701A3DA62C00BE67F4 /* WDMenuDEMO */ = {
			isa = PBXNativeTarget;
			buildConfigurationList = 8619BA941A3DA62C00BE67F4 /* Build configuration list for PBXNativeTarget "WDMenuDEMO" */;
			buildPhases = (
				8619BA6D1A3DA62C00BE67F4 /* Sources */,
				8619BA6E1A3DA62C00BE67F4 /* Frameworks */,
				8619BA6F1A3DA62C00BE67F4 /* Resources */,
			);
			buildRules = (
			);
			dependencies = (
			);
			name = WDMenuDEMO;
			productName = WDMenuDEMO;
			productReference = 8619BA711A3DA62C00BE67F4 /* WDMenuDEMO.app */;
			productType = "com.apple.product-type.application";
		};
/* End PBXNativeTarget section */

/* Begin PBXProject section */
		8619BA691A3DA62C00BE67F4 /* Project object */ = {
			isa = PBXProject;
			attributes = {
				LastUpgradeCheck = 0610;
				ORGANIZATIONNAME = "Wander World";
				TargetAttributes = {
					8619BA701A3DA62C00BE67F4 = {
						CreatedOnToolsVersion = 6.1.1;
					};
				};
			};
			buildConfigurationList = 8619BA6C1A3DA62C00BE67F4 /* Build configuration list for PBXProject "WDMenuDEMO" */;
			compatibilityVersion = "Xcode 3.2";
			developmentRegion = English;
			hasScannedForEncodings = 0;
			knownRegions = (
				en,
				Base,
			);
			mainGroup = 8619BA681A3DA62C00BE67F4;
			productRefGroup = 8619BA721A3DA62C00BE67F4 /* Products */;
			projectDirPath = "";
			projectRoot = "";
			targets = (
				8619BA701A3DA62C00BE67F4 /* WDMenuDEMO */,
			);
		};
/* End PBXProject section */

/* Begin PBXResourcesBuildPhase section */
		8619BA6F1A3DA62C00BE67F4 /* Resources */ = {
			isa = PBXResourcesBuildPhase;
			buildActionMask = 2147483647;
			files = (
				8619BA9F1A3DAB4C00BE67F4 /* WDMenu_open_button@2x.png in Resources */,
				8619BA801A3DA62C00BE67F4 /* Main.storyboard in Resources */,
				8619BA851A3DA62C00BE67F4 /* LaunchScreen.xib in Resources */,
				8619BAA41A3DC29800BE67F4 /* MenuContentsView.xib in Resources */,
				8619BA821A3DA62C00BE67F4 /* Images.xcassets in Resources */,
			);
			runOnlyForDeploymentPostprocessing = 0;
		};
/* End PBXResourcesBuildPhase section */

/* Begin PBXSourcesBuildPhase section */
		8619BA6D1A3DA62C00BE67F4 /* Sources */ = {
			isa = PBXSourcesBuildPhase;
			buildActionMask = 2147483647;
			files = (
				8619BA7D1A3DA62C00BE67F4 /* ViewController.m in Sources */,
				8619BA7A1A3DA62C00BE67F4 /* AppDelegate.m in Sources */,
				8619BAAE1A3DCB8E00BE67F4 /* WDMenu.m in Sources */,
				8619BAAD1A3DCB8E00BE67F4 /* UIButton+WDExtensions.m in Sources */,
				8619BA771A3DA62C00BE67F4 /* main.m in Sources */,
			);
			runOnlyForDeploymentPostprocessing = 0;
		};
/* End PBXSourcesBuildPhase section */

/* Begin PBXVariantGroup section */
		8619BA7E1A3DA62C00BE67F4 /* Main.storyboard */ = {
			isa = PBXVariantGroup;
			children = (
				8619BA7F1A3DA62C00BE67F4 /* Base */,
			);
			name = Main.storyboard;
			sourceTree = "<group>";
		};
		8619BA831A3DA62C00BE67F4 /* LaunchScreen.xib */ = {
			isa = PBXVariantGroup;
			children = (
				8619BA841A3DA62C00BE67F4 /* Base */,
			);
			name = LaunchScreen.xib;
			sourceTree = "<group>";
		};
/* End PBXVariantGroup section */

/* Begin XCBuildConfiguration section */
		8619BA921A3DA62C00BE67F4 /* Debug */ = {
			isa = XCBuildConfiguration;
			buildSettings = {
				ALWAYS_SEARCH_USER_PATHS = NO;
				CLANG_CXX_LANGUAGE_STANDARD = "gnu++0x";
				CLANG_CXX_LIBRARY = "libc++";
				CLANG_ENABLE_MODULES = YES;
				CLANG_ENABLE_OBJC_ARC = YES;
				CLANG_WARN_BOOL_CONVERSION = YES;
				CLANG_WARN_CONSTANT_CONVERSION = YES;
				CLANG_WARN_DIRECT_OBJC_ISA_USAGE = YES_ERROR;
				CLANG_WARN_EMPTY_BODY = YES;
				CLANG_WARN_ENUM_CONVERSION = YES;
				CLANG_WARN_INT_CONVERSION = YES;
				CLANG_WARN_OBJC_ROOT_CLASS = YES_ERROR;
				CLANG_WARN_UNREACHABLE_CODE = YES;
				CLANG_WARN__DUPLICATE_METHOD_MATCH = YES;
				"CODE_SIGN_IDENTITY[sdk=iphoneos*]" = "iPhone Developer";
				COPY_PHASE_STRIP = NO;
				ENABLE_STRICT_OBJC_MSGSEND = YES;
				GCC_C_LANGUAGE_STANDARD = gnu99;
				GCC_DYNAMIC_NO_PIC = NO;
				GCC_OPTIMIZATION_LEVEL = 0;
				GCC_PREPROCESSOR_DEFINITIONS = (
					"DEBUG=1",
					"$(inherited)",
				);
				GCC_SYMBOLS_PRIVATE_EXTERN = NO;
				GCC_WARN_64_TO_32_BIT_CONVERSION = YES;
				GCC_WARN_ABOUT_RETURN_TYPE = YES_ERROR;
				GCC_WARN_UNDECLARED_SELECTOR = YES;
				GCC_WARN_UNINITIALIZED_AUTOS = YES_AGGRESSIVE;
				GCC_WARN_UNUSED_FUNCTION = YES;
				GCC_WARN_UNUSED_VARIABLE = YES;
				IPHONEOS_DEPLOYMENT_TARGET = 8.1;
				MTL_ENABLE_DEBUG_INFO = YES;
				ONLY_ACTIVE_ARCH = YES;
				SDKROOT = iphoneos;
			};
			name = Debug;
		};
		8619BA931A3DA62C00BE67F4 /* Release */ = {
			isa = XCBuildConfiguration;
			buildSettings = {
				ALWAYS_SEARCH_USER_PATHS = NO;
				CLANG_CXX_LANGUAGE_STANDARD = "gnu++0x";
				CLANG_CXX_LIBRARY = "libc++";
				CLANG_ENABLE_MODULES = YES;
				CLANG_ENABLE_OBJC_ARC = YES;
				CLANG_WARN_BOOL_CONVERSION = YES;
				CLANG_WARN_CONSTANT_CONVERSION = YES;
				CLANG_WARN_DIRECT_OBJC_ISA_USAGE = YES_ERROR;
				CLANG_WARN_EMPTY_BODY = YES;
				CLANG_WARN_ENUM_CONVERSION = YES;
				CLANG_WARN_INT_CONVERSION = YES;
				CLANG_WARN_OBJC_ROOT_CLASS = YES_ERROR;
				CLANG_WARN_UNREACHABLE_CODE = YES;
				CLANG_WARN__DUPLICATE_METHOD_MATCH = YES;
				"CODE_SIGN_IDENTITY[sdk=iphoneos*]" = "iPhone Developer";
				COPY_PHASE_STRIP = YES;
				ENABLE_NS_ASSERTIONS = NO;
				ENABLE_STRICT_OBJC_MSGSEND = YES;
				GCC_C_LANGUAGE_STANDARD = gnu99;
				GCC_WARN_64_TO_32_BIT_CONVERSION = YES;
				GCC_WARN_ABOUT_RETURN_TYPE = YES_ERROR;
				GCC_WARN_UNDECLARED_SELECTOR = YES;
				GCC_WARN_UNINITIALIZED_AUTOS = YES_AGGRESSIVE;
				GCC_WARN_UNUSED_FUNCTION = YES;
				GCC_WARN_UNUSED_VARIABLE = YES;
				IPHONEOS_DEPLOYMENT_TARGET = 8.1;
				MTL_ENABLE_DEBUG_INFO = NO;
				SDKROOT = iphoneos;
				VALIDATE_PRODUCT = YES;
			};
			name = Release;
		};
		8619BA951A3DA62C00BE67F4 /* Debug */ = {
			isa = XCBuildConfiguration;
			buildSettings = {
				ASSETCATALOG_COMPILER_APPICON_NAME = AppIcon;
				INFOPLIST_FILE = WDMenuDEMO/Info.plist;
				LD_RUNPATH_SEARCH_PATHS = "$(inherited) @executable_path/Frameworks";
				PRODUCT_NAME = "$(TARGET_NAME)";
			};
			name = Debug;
		};
		8619BA961A3DA62C00BE67F4 /* Release */ = {
			isa = XCBuildConfiguration;
			buildSettings = {
				ASSETCATALOG_COMPILER_APPICON_NAME = AppIcon;
				INFOPLIST_FILE = WDMenuDEMO/Info.plist;
				LD_RUNPATH_SEARCH_PATHS = "$(inherited) @executable_path/Frameworks";
				PRODUCT_NAME = "$(TARGET_NAME)";
			};
			name = Release;
		};
/* End XCBuildConfiguration section */

/* Begin XCConfigurationList section */
		8619BA6C1A3DA62C00BE67F4 /* Build configuration list for PBXProject "WDMenuDEMO" */ = {
			isa = XCConfigurationList;
			buildConfigurations = (
				8619BA921A3DA62C00BE67F4 /* Debug */,
				8619BA931A3DA62C00BE67F4 /* Release */,
			);
			defaultConfigurationIsVisible = 0;
			defaultConfigurationName = Release;
		};
		8619BA941A3DA62C00BE67F4 /* Build configuration list for PBXNativeTarget "WDMenuDEMO" */ = {
			isa = XCConfigurationList;
			buildConfigurations = (
				8619BA951A3DA62C00BE67F4 /* Debug */,
				8619BA961A3DA62C00BE67F4 /* Release */,
			);
			defaultConfigurationIsVisible = 0;
			defaultConfigurationName = Release;
		};
/* End XCConfigurationList section */
	};
	rootObject = 8619BA691A3DA62C00BE67F4 /* Project object */;
}
